
Microsoft Visual Studio Solution File, Format Version 12.00
# Visual Studio 15
VisualStudioVersion = 15.0.28307.168
MinimumVisualStudioVersion = 10.0.40219.1
Project("{FAE04EC0-301F-11D3-BF4B-00C04F79EFBC}") = "MyShop.Core", "MyShop.Core\MyShop.Core.csproj", "{4372B4B3-0F91-415A-8705-2618363994ED}"
EndProject
Project("{FAE04EC0-301F-11D3-BF4B-00C04F79EFBC}") = "MyShop.Services", "MyShop.Services\MyShop.Services.csproj", "{7013F7C0-E167-4027-A433-17BDB699D1B4}"
EndProject
Project("{FAE04EC0-301F-11D3-BF4B-00C04F79EFBC}") = "MyShop.DataAccess.SQL", "MyShop.DataAccess.SQL\MyShop.DataAccess.SQL.csproj", "{49E91A4E-C20B-4C8B-B986-4083C62ED8E7}"
EndProject
Project("{FAE04EC0-301F-11D3-BF4B-00C04F79EFBC}") = "MyShop.DataAccess.InMemory", "MyShop.DataAccess.InMemory\MyShop.DataAccess.InMemory.csproj", "{DA0ACE08-C71E-4956-8167-248E87ED7348}"
EndProject
Project("{FAE04EC0-301F-11D3-BF4B-00C04F79EFBC}") = "MyShop.WebUI", "MyShop.WebUI\MyShop.WebUI.csproj", "{59FAA31E-ACB2-4782-B293-E2663D285AF8}"
EndProject
Project("{FAE04EC0-301F-11D3-BF4B-00C04F79EFBC}") = "MyShop.WebUI.Tests", "MyShop.WebUI.Tests\MyShop.WebUI.Tests.csproj", "{F5495D44-2917-4F22-9299-B6E7B6B816B1}"
EndProject
Global
	GlobalSection(SolutionConfigurationPlatforms) = preSolution
		Debug|Any CPU = Debug|Any CPU
		Release|Any CPU = Release|Any CPU
	EndGlobalSection
	GlobalSection(ProjectConfigurationPlatforms) = postSolution
		{4372B4B3-0F91-415A-8705-2618363994ED}.Debug|Any CPU.ActiveCfg = Debug|Any CPU
		{4372B4B3-0F91-415A-8705-2618363994ED}.Debug|Any CPU.Build.0 = Debug|Any CPU
		{4372B4B3-0F91-415A-8705-2618363994ED}.Release|Any CPU.ActiveCfg = Release|Any CPU
		{4372B4B3-0F91-415A-8705-2618363994ED}.Release|Any CPU.Build.0 = Release|Any CPU
		{7013F7C0-E167-4027-A433-17BDB699D1B4}.Debug|Any CPU.ActiveCfg = Debug|Any CPU
		{7013F7C0-E167-4027-A433-17BDB699D1B4}.Debug|Any CPU.Build.0 = Debug|Any CPU
		{7013F7C0-E167-4027-A433-17BDB699D1B4}.Release|Any CPU.ActiveCfg = Release|Any CPU
		{7013F7C0-E167-4027-A433-17BDB699D1B4}.Release|Any CPU.Build.0 = Release|Any CPU
		{49E91A4E-C20B-4C8B-B986-4083C62ED8E7}.Debug|Any CPU.ActiveCfg = Debug|Any CPU
		{49E91A4E-C20B-4C8B-B986-4083C62ED8E7}.Debug|Any CPU.Build.0 = Debug|Any CPU
		{49E91A4E-C20B-4C8B-B986-4083C62ED8E7}.Release|Any CPU.ActiveCfg = Release|Any CPU
		{49E91A4E-C20B-4C8B-B986-4083C62ED8E7}.Release|Any CPU.Build.0 = Release|Any CPU
		{DA0ACE08-C71E-4956-8167-248E87ED7348}.Debug|Any CPU.ActiveCfg = Debug|Any CPU
		{DA0ACE08-C71E-4956-8167-248E87ED7348}.Debug|Any CPU.Build.0 = Debug|Any CPU
		{DA0ACE08-C71E-4956-8167-248E87ED7348}.Release|Any CPU.ActiveCfg = Release|Any CPU
		{DA0ACE08-C71E-4956-8167-248E87ED7348}.Release|Any CPU.Build.0 = Release|Any CPU
		{59FAA31E-ACB2-4782-B293-E2663D285AF8}.Debug|Any CPU.ActiveCfg = Debug|Any CPU
		{59FAA31E-ACB2-4782-B293-E2663D285AF8}.Debug|Any CPU.Build.0 = Debug|Any CPU
		{59FAA31E-ACB2-4782-B293-E2663D285AF8}.Release|Any CPU.ActiveCfg = Release|Any CPU
		{59FAA31E-ACB2-4782-B293-E2663D285AF8}.Release|Any CPU.Build.0 = Release|Any CPU
		{F5495D44-2917-4F22-9299-B6E7B6B816B1}.Debug|Any CPU.ActiveCfg = Debug|Any CPU
		{F5495D44-2917-4F22-9299-B6E7B6B816B1}.Debug|Any CPU.Build.0 = Debug|Any CPU
		{F5495D44-2917-4F22-9299-B6E7B6B816B1}.Release|Any CPU.ActiveCfg = Release|Any CPU
		{F5495D44-2917-4F22-9299-B6E7B6B816B1}.Release|Any CPU.Build.0 = Release|Any CPU
	EndGlobalSection
	GlobalSection(SolutionProperties) = preSolution
		HideSolutionNode = FALSE
	EndGlobalSection
	GlobalSection(ExtensibilityGlobals) = postSolution
		SolutionGuid = {C818B349-B0C0-4929-85AC-5BCEFC9057FC}
	EndGlobalSection
EndGlobal
